
Microsoft Visual Studio Solution File, Format Version 12.00
# Visual Studio Version 17
VisualStudioVersion = 17.1.32407.343
MinimumVisualStudioVersion = 10.0.40219.1
Project("{2150E333-8FDC-42A3-9474-1A3956D46DE8}") = "src", "src", "{0B2EF93E-B01E-44E1-8070-1298A980010C}"
EndProject
Project("{9A19103F-16F7-4668-BE54-9A1E7A4F7556}") = "Redis", "src\Redis\Redis.csproj", "{F535566B-C66A-4ECE-B886-0F638E08945E}"
EndProject
Project("{9A19103F-16F7-4668-BE54-9A1E7A4F7556}") = "Redis.Common", "src\Redis.Common\Redis.Common.csproj", "{A3A5E0B9-AAF1-4BDC-9CB3-AB71E1E38BFE}"
EndProject
Project("{2150E333-8FDC-42A3-9474-1A3956D46DE8}") = "tests", "tests", "{7F52847B-8DDC-4279-8A88-47CBB67F5685}"
EndProject
Project("{2150E333-8FDC-42A3-9474-1A3956D46DE8}") = "examples", "examples", "{164FBAB2-8E5C-4528-94C7-081036E69377}"
EndProject
Project("{9A19103F-16F7-4668-BE54-9A1E7A4F7556}") = "Example.Cache", "tests\Example.Cache\Example.Cache.csproj", "{CC66742C-D647-4AA7-814A-6E7BA57F8CCB}"
EndProject
Project("{9A19103F-16F7-4668-BE54-9A1E7A4F7556}") = "Example.Publisher", "tests\Example.Publisher\Example.Publisher.csproj", "{C237C60C-B70D-4330-8DD2-2CD5FCB2A9AF}"
EndProject
Project("{9A19103F-16F7-4668-BE54-9A1E7A4F7556}") = "Example.Subscribe", "tests\Example.Subscribe\Example.Subscribe.csproj", "{AACA52BF-B0A2-464E-8AEE-369DE6A8E442}"
EndProject
Project("{9A19103F-16F7-4668-BE54-9A1E7A4F7556}") = "Redis.Tests", "tests\Redis.Tests\Redis.Tests.csproj", "{EAB0C592-B51C-4EFF-ABB9-B44E4DB4BA94}"
EndProject
Global
	GlobalSection(SolutionConfigurationPlatforms) = preSolution
		Debug|Any CPU = Debug|Any CPU
		Release|Any CPU = Release|Any CPU
	EndGlobalSection
	GlobalSection(ProjectConfigurationPlatforms) = postSolution
		{F535566B-C66A-4ECE-B886-0F638E08945E}.Debug|Any CPU.ActiveCfg = Debug|Any CPU
		{F535566B-C66A-4ECE-B886-0F638E08945E}.Debug|Any CPU.Build.0 = Debug|Any CPU
		{F535566B-C66A-4ECE-B886-0F638E08945E}.Release|Any CPU.ActiveCfg = Release|Any CPU
		{F535566B-C66A-4ECE-B886-0F638E08945E}.Release|Any CPU.Build.0 = Release|Any CPU
		{A3A5E0B9-AAF1-4BDC-9CB3-AB71E1E38BFE}.Debug|Any CPU.ActiveCfg = Debug|Any CPU
		{A3A5E0B9-AAF1-4BDC-9CB3-AB71E1E38BFE}.Debug|Any CPU.Build.0 = Debug|Any CPU
		{A3A5E0B9-AAF1-4BDC-9CB3-AB71E1E38BFE}.Release|Any CPU.ActiveCfg = Release|Any CPU
		{A3A5E0B9-AAF1-4BDC-9CB3-AB71E1E38BFE}.Release|Any CPU.Build.0 = Release|Any CPU
		{CC66742C-D647-4AA7-814A-6E7BA57F8CCB}.Debug|Any CPU.ActiveCfg = Debug|Any CPU
		{CC66742C-D647-4AA7-814A-6E7BA57F8CCB}.Debug|Any CPU.Build.0 = Debug|Any CPU
		{CC66742C-D647-4AA7-814A-6E7BA57F8CCB}.Release|Any CPU.ActiveCfg = Release|Any CPU
		{CC66742C-D647-4AA7-814A-6E7BA57F8CCB}.Release|Any CPU.Build.0 = Release|Any CPU
		{C237C60C-B70D-4330-8DD2-2CD5FCB2A9AF}.Debug|Any CPU.ActiveCfg = Debug|Any CPU
		{C237C60C-B70D-4330-8DD2-2CD5FCB2A9AF}.Debug|Any CPU.Build.0 = Debug|Any CPU
		{C237C60C-B70D-4330-8DD2-2CD5FCB2A9AF}.Release|Any CPU.ActiveCfg = Release|Any CPU
		{C237C60C-B70D-4330-8DD2-2CD5FCB2A9AF}.Release|Any CPU.Build.0 = Release|Any CPU
		{AACA52BF-B0A2-464E-8AEE-369DE6A8E442}.Debug|Any CPU.ActiveCfg = Debug|Any CPU
		{AACA52BF-B0A2-464E-8AEE-369DE6A8E442}.Debug|Any CPU.Build.0 = Debug|Any CPU
		{AACA52BF-B0A2-464E-8AEE-369DE6A8E442}.Release|Any CPU.ActiveCfg = Release|Any CPU
		{AACA52BF-B0A2-464E-8AEE-369DE6A8E442}.Release|Any CPU.Build.0 = Release|Any CPU
		{EAB0C592-B51C-4EFF-ABB9-B44E4DB4BA94}.Debug|Any CPU.ActiveCfg = Debug|Any CPU
		{EAB0C592-B51C-4EFF-ABB9-B44E4DB4BA94}.Debug|Any CPU.Build.0 = Debug|Any CPU
		{EAB0C592-B51C-4EFF-ABB9-B44E4DB4BA94}.Release|Any CPU.ActiveCfg = Release|Any CPU
		{EAB0C592-B51C-4EFF-ABB9-B44E4DB4BA94}.Release|Any CPU.Build.0 = Release|Any CPU
	EndGlobalSection
	GlobalSection(SolutionProperties) = preSolution
		HideSolutionNode = FALSE
	EndGlobalSection
	GlobalSection(NestedProjects) = preSolution
		{F535566B-C66A-4ECE-B886-0F638E08945E} = {0B2EF93E-B01E-44E1-8070-1298A980010C}
		{A3A5E0B9-AAF1-4BDC-9CB3-AB71E1E38BFE} = {0B2EF93E-B01E-44E1-8070-1298A980010C}
		{164FBAB2-8E5C-4528-94C7-081036E69377} = {7F52847B-8DDC-4279-8A88-47CBB67F5685}
		{CC66742C-D647-4AA7-814A-6E7BA57F8CCB} = {164FBAB2-8E5C-4528-94C7-081036E69377}
		{C237C60C-B70D-4330-8DD2-2CD5FCB2A9AF} = {164FBAB2-8E5C-4528-94C7-081036E69377}
		{AACA52BF-B0A2-464E-8AEE-369DE6A8E442} = {164FBAB2-8E5C-4528-94C7-081036E69377}
		{EAB0C592-B51C-4EFF-ABB9-B44E4DB4BA94} = {7F52847B-8DDC-4279-8A88-47CBB67F5685}
	EndGlobalSection
	GlobalSection(ExtensibilityGlobals) = postSolution
		SolutionGuid = {D14ED516-3084-46FE-BE93-F94D95A79F15}
	EndGlobalSection
EndGlobal
